
Microsoft Visual Studio Solution File, Format Version 12.00
# Visual Studio Version 17
VisualStudioVersion = 17.0.32112.339
MinimumVisualStudioVersion = 10.0.40219.1
Project("{9A19103F-16F7-4668-BE54-9A1E7A4F7556}") = "Lun.Client", "Lun.Client\Lun.Client.csproj", "{F0C30E01-976A-4E31-9097-B84741E22073}"
EndProject
Project("{9A19103F-16F7-4668-BE54-9A1E7A4F7556}") = "Lun.Server", "Lun.Server\Lun.Server.csproj", "{8B9A591D-73C7-475C-AAA2-22F252274808}"
EndProject
Project("{FAE04EC0-301F-11D3-BF4B-00C04F79EFBC}") = "Lun.Shared", "Lun.Shared\Lun.Shared.csproj", "{FCB85CBC-0DCC-49B6-A701-F4D85F0AFC8E}"
EndProject
Global
	GlobalSection(SolutionConfigurationPlatforms) = preSolution
		Debug|Any CPU = Debug|Any CPU
		Release|Any CPU = Release|Any CPU
	EndGlobalSection
	GlobalSection(ProjectConfigurationPlatforms) = postSolution
		{F0C30E01-976A-4E31-9097-B84741E22073}.Debug|Any CPU.ActiveCfg = Debug|Any CPU
		{F0C30E01-976A-4E31-9097-B84741E22073}.Debug|Any CPU.Build.0 = Debug|Any CPU
		{F0C30E01-976A-4E31-9097-B84741E22073}.Release|Any CPU.ActiveCfg = Release|Any CPU
		{F0C30E01-976A-4E31-9097-B84741E22073}.Release|Any CPU.Build.0 = Release|Any CPU
		{8B9A591D-73C7-475C-AAA2-22F252274808}.Debug|Any CPU.ActiveCfg = Debug|Any CPU
		{8B9A591D-73C7-475C-AAA2-22F252274808}.Debug|Any CPU.Build.0 = Debug|Any CPU
		{8B9A591D-73C7-475C-AAA2-22F252274808}.Release|Any CPU.ActiveCfg = Release|Any CPU
		{8B9A591D-73C7-475C-AAA2-22F252274808}.Release|Any CPU.Build.0 = Release|Any CPU
		{FCB85CBC-0DCC-49B6-A701-F4D85F0AFC8E}.Debug|Any CPU.ActiveCfg = Debug|Any CPU
		{FCB85CBC-0DCC-49B6-A701-F4D85F0AFC8E}.Debug|Any CPU.Build.0 = Debug|Any CPU
		{FCB85CBC-0DCC-49B6-A701-F4D85F0AFC8E}.Release|Any CPU.ActiveCfg = Release|Any CPU
		{FCB85CBC-0DCC-49B6-A701-F4D85F0AFC8E}.Release|Any CPU.Build.0 = Release|Any CPU
	EndGlobalSection
	GlobalSection(SolutionProperties) = preSolution
		HideSolutionNode = FALSE
	EndGlobalSection
	GlobalSection(ExtensibilityGlobals) = postSolution
		SolutionGuid = {76D66742-182C-4C1D-9151-325BE7BB78EA}
	EndGlobalSection
EndGlobal
